
Microsoft Visual Studio Solution File, Format Version 12.00
# Visual Studio Version 16
VisualStudioVersion = 16.0.32602.291
MinimumVisualStudioVersion = 10.0.40219.1
Project("{FAE04EC0-301F-11D3-BF4B-00C04F79EFBC}") = "AKARCAFE.DesktopUI", "AKARCAFE.DesktopUI\AKARCAFE.DesktopUI.csproj", "{5CC710F9-FF81-49FB-96C0-00A5D7756865}"
EndProject
Project("{FAE04EC0-301F-11D3-BF4B-00C04F79EFBC}") = "AKARCAFE.Entities", "AKARCAFE.Entities\AKARCAFE.Entities.csproj", "{78168E90-E092-4931-8B16-B576288DC409}"
EndProject
Project("{FAE04EC0-301F-11D3-BF4B-00C04F79EFBC}") = "AKARCAFE.Core", "AKARCAFE.Core\AKARCAFE.Core.csproj", "{56A3FC67-303A-4D9C-BA7E-08F0320F2E25}"
EndProject
Project("{FAE04EC0-301F-11D3-BF4B-00C04F79EFBC}") = "AKARCAFE.DataAccess", "AKARCAFE.DataAccess\AKARCAFE.DataAccess.csproj", "{F260FB5D-50EB-4720-A097-F7E66FD2C623}"
EndProject
Project("{FAE04EC0-301F-11D3-BF4B-00C04F79EFBC}") = "AKARCAFE.Business", "AKARCAFE.Business\AKARCAFE.Business.csproj", "{BA6FD6BE-4F04-4140-86CF-6D12DC620BDA}"
EndProject
Global
	GlobalSection(SolutionConfigurationPlatforms) = preSolution
		Debug|Any CPU = Debug|Any CPU
		Release|Any CPU = Release|Any CPU
	EndGlobalSection
	GlobalSection(ProjectConfigurationPlatforms) = postSolution
		{5CC710F9-FF81-49FB-96C0-00A5D7756865}.Debug|Any CPU.ActiveCfg = Debug|Any CPU
		{5CC710F9-FF81-49FB-96C0-00A5D7756865}.Debug|Any CPU.Build.0 = Debug|Any CPU
		{5CC710F9-FF81-49FB-96C0-00A5D7756865}.Release|Any CPU.ActiveCfg = Release|Any CPU
		{5CC710F9-FF81-49FB-96C0-00A5D7756865}.Release|Any CPU.Build.0 = Release|Any CPU
		{78168E90-E092-4931-8B16-B576288DC409}.Debug|Any CPU.ActiveCfg = Debug|Any CPU
		{78168E90-E092-4931-8B16-B576288DC409}.Debug|Any CPU.Build.0 = Debug|Any CPU
		{78168E90-E092-4931-8B16-B576288DC409}.Release|Any CPU.ActiveCfg = Release|Any CPU
		{78168E90-E092-4931-8B16-B576288DC409}.Release|Any CPU.Build.0 = Release|Any CPU
		{56A3FC67-303A-4D9C-BA7E-08F0320F2E25}.Debug|Any CPU.ActiveCfg = Debug|Any CPU
		{56A3FC67-303A-4D9C-BA7E-08F0320F2E25}.Debug|Any CPU.Build.0 = Debug|Any CPU
		{56A3FC67-303A-4D9C-BA7E-08F0320F2E25}.Release|Any CPU.ActiveCfg = Release|Any CPU
		{56A3FC67-303A-4D9C-BA7E-08F0320F2E25}.Release|Any CPU.Build.0 = Release|Any CPU
		{F260FB5D-50EB-4720-A097-F7E66FD2C623}.Debug|Any CPU.ActiveCfg = Debug|Any CPU
		{F260FB5D-50EB-4720-A097-F7E66FD2C623}.Debug|Any CPU.Build.0 = Debug|Any CPU
		{F260FB5D-50EB-4720-A097-F7E66FD2C623}.Release|Any CPU.ActiveCfg = Release|Any CPU
		{F260FB5D-50EB-4720-A097-F7E66FD2C623}.Release|Any CPU.Build.0 = Release|Any CPU
		{BA6FD6BE-4F04-4140-86CF-6D12DC620BDA}.Debug|Any CPU.ActiveCfg = Debug|Any CPU
		{BA6FD6BE-4F04-4140-86CF-6D12DC620BDA}.Debug|Any CPU.Build.0 = Debug|Any CPU
		{BA6FD6BE-4F04-4140-86CF-6D12DC620BDA}.Release|Any CPU.ActiveCfg = Release|Any CPU
		{BA6FD6BE-4F04-4140-86CF-6D12DC620BDA}.Release|Any CPU.Build.0 = Release|Any CPU
	EndGlobalSection
	GlobalSection(SolutionProperties) = preSolution
		HideSolutionNode = FALSE
	EndGlobalSection
	GlobalSection(ExtensibilityGlobals) = postSolution
		SolutionGuid = {2BF6D243-ADD9-471F-9BF1-CB078420B9A2}
	EndGlobalSection
EndGlobal
